// !$*UTF8*$!
{
	archiveVersion = 1;
	classes = {
	};
	objectVersion = 46;
	objects = {

/* Begin PBXBuildFile section */
		BF14079D1EB0EEDE00ABD3DC /* MediaPickerManager.swift in Sources */ = {isa = PBXBuildFile; fileRef = BF14079C1EB0EEDE00ABD3DC /* MediaPickerManager.swift */; };
		BF1407A31EB0F6E900ABD3DC /* PhotoFilterController.swift in Sources */ = {isa = PBXBuildFile; fileRef = BF1407A21EB0F6E900ABD3DC /* PhotoFilterController.swift */; };
		BF1407A51EB0FBFE00ABD3DC /* FilteredImageBuilder.swift in Sources */ = {isa = PBXBuildFile; fileRef = BF1407A41EB0FBFD00ABD3DC /* FilteredImageBuilder.swift */; };
		BF1407A71EB106E500ABD3DC /* FilteredImageCell.swift in Sources */ = {isa = PBXBuildFile; fileRef = BF1407A61EB106E500ABD3DC /* FilteredImageCell.swift */; };
		BF1407A91EB11F7800ABD3DC /* PhotoMetadataController.swift in Sources */ = {isa = PBXBuildFile; fileRef = BF1407A81EB11F7800ABD3DC /* PhotoMetadataController.swift */; };
		BF1407AB1EB1265200ABD3DC /* LocationManager.swift in Sources */ = {isa = PBXBuildFile; fileRef = BF1407AA1EB1265200ABD3DC /* LocationManager.swift */; };
		BF3041251EB1CDEA00E50377 /* CoreDataController.swift in Sources */ = {isa = PBXBuildFile; fileRef = BF3041241EB1CDEA00E50377 /* CoreDataController.swift */; };
		BF3041281EB1CE6300E50377 /* PhotoEffects.xcdatamodeld in Sources */ = {isa = PBXBuildFile; fileRef = BF3041261EB1CE6300E50377 /* PhotoEffects.xcdatamodeld */; };
		BF30412A1EB1D10700E50377 /* Photo.swift in Sources */ = {isa = PBXBuildFile; fileRef = BF3041291EB1D10700E50377 /* Photo.swift */; };
		BF30412C1EB1D20B00E50377 /* Tag.swift in Sources */ = {isa = PBXBuildFile; fileRef = BF30412B1EB1D20B00E50377 /* Tag.swift */; };
		BF30412E1EB1D24800E50377 /* Location.swift in Sources */ = {isa = PBXBuildFile; fileRef = BF30412D1EB1D24800E50377 /* Location.swift */; };
		BF3041301EB1D7AB00E50377 /* PhotoDataSource.swift in Sources */ = {isa = PBXBuildFile; fileRef = BF30412F1EB1D7AB00E50377 /* PhotoDataSource.swift */; };
		BF3041321EB1D8D400E50377 /* PhotoFetchedResultsController.swift in Sources */ = {isa = PBXBuildFile; fileRef = BF3041311EB1D8D400E50377 /* PhotoFetchedResultsController.swift */; };
		BF3041341EB1DA4F00E50377 /* PhotoCell.swift in Sources */ = {isa = PBXBuildFile; fileRef = BF3041331EB1DA4F00E50377 /* PhotoCell.swift */; };
		BFECB0011E7C580900B2E67F /* AppDelegate.swift in Sources */ = {isa = PBXBuildFile; fileRef = BFECB0001E7C580900B2E67F /* AppDelegate.swift */; };
		BFECB0031E7C580900B2E67F /* PhotoListController.swift in Sources */ = {isa = PBXBuildFile; fileRef = BFECB0021E7C580900B2E67F /* PhotoListController.swift */; };
		BFECB0081E7C580900B2E67F /* Assets.xcassets in Resources */ = {isa = PBXBuildFile; fileRef = BFECB0071E7C580900B2E67F /* Assets.xcassets */; };
		BFECB00B1E7C580900B2E67F /* LaunchScreen.storyboard in Resources */ = {isa = PBXBuildFile; fileRef = BFECB0091E7C580900B2E67F /* LaunchScreen.storyboard */; };
		BFECB0161E7C580900B2E67F /* PhotoEffectsTests.swift in Sources */ = {isa = PBXBuildFile; fileRef = BFECB0151E7C580900B2E67F /* PhotoEffectsTests.swift */; };
		BFECB0211E7C580900B2E67F /* PhotoEffectsUITests.swift in Sources */ = {isa = PBXBuildFile; fileRef = BFECB0201E7C580900B2E67F /* PhotoEffectsUITests.swift */; };
/* End PBXBuildFile section */

/* Begin PBXContainerItemProxy section */
		BFECB0121E7C580900B2E67F /* PBXContainerItemProxy */ = {
			isa = PBXContainerItemProxy;
			containerPortal = BFECAFF51E7C580900B2E67F /* Project object */;
			proxyType = 1;
			remoteGlobalIDString = BFECAFFC1E7C580900B2E67F;
			remoteInfo = PhotoEffects;
		};
		BFECB01D1E7C580900B2E67F /* PBXContainerItemProxy */ = {
			isa = PBXContainerItemProxy;
			containerPortal = BFECAFF51E7C580900B2E67F /* Project object */;
			proxyType = 1;
			remoteGlobalIDString = BFECAFFC1E7C580900B2E67F;
			remoteInfo = PhotoEffects;
		};
/* End PBXContainerItemProxy section */

/* Begin PBXFileReference section */
		BF14079C1EB0EEDE00ABD3DC /* MediaPickerManager.swift */ = {isa = PBXFileReference; fileEncoding = 4; lastKnownFileType = sourcecode.swift; path = MediaPickerManager.swift; sourceTree = "<group>"; };
		BF1407A21EB0F6E900ABD3DC /* PhotoFilterController.swift */ = {isa = PBXFileReference; fileEncoding = 4; lastKnownFileType = sourcecode.swift; path = PhotoFilterController.swift; sourceTree = "<group>"; };
		BF1407A41EB0FBFD00ABD3DC /* FilteredImageBuilder.swift */ = {isa = PBXFileReference; fileEncoding = 4; lastKnownFileType = sourcecode.swift; path = FilteredImageBuilder.swift; sourceTree = "<group>"; };
		BF1407A61EB106E500ABD3DC /* FilteredImageCell.swift */ = {isa = PBXFileReference; fileEncoding = 4; lastKnownFileType = sourcecode.swift; path = FilteredImageCell.swift; sourceTree = "<group>"; };
		BF1407A81EB11F7800ABD3DC /* PhotoMetadataController.swift */ = {isa = PBXFileReference; fileEncoding = 4; lastKnownFileType = sourcecode.swift; path = PhotoMetadataController.swift; sourceTree = "<group>"; };
		BF1407AA1EB1265200ABD3DC /* LocationManager.swift */ = {isa = PBXFileReference; fileEncoding = 4; lastKnownFileType = sourcecode.swift; path = LocationManager.swift; sourceTree = "<group>"; };
		BF3041241EB1CDEA00E50377 /* CoreDataController.swift */ = {isa = PBXFileReference; fileEncoding = 4; lastKnownFileType = sourcecode.swift; path = CoreDataController.swift; sourceTree = "<group>"; };
		BF3041271EB1CE6300E50377 /* PhotoEffects.xcdatamodel */ = {isa = PBXFileReference; lastKnownFileType = wrapper.xcdatamodel; path = PhotoEffects.xcdatamodel; sourceTree = "<group>"; };
		BF3041291EB1D10700E50377 /* Photo.swift */ = {isa = PBXFileReference; fileEncoding = 4; lastKnownFileType = sourcecode.swift; path = Photo.swift; sourceTree = "<group>"; };
		BF30412B1EB1D20B00E50377 /* Tag.swift */ = {isa = PBXFileReference; fileEncoding = 4; lastKnownFileType = sourcecode.swift; path = Tag.swift; sourceTree = "<group>"; };
		BF30412D1EB1D24800E50377 /* Location.swift */ = {isa = PBXFileReference; fileEncoding = 4; lastKnownFileType = sourcecode.swift; path = Location.swift; sourceTree = "<group>"; };
		BF30412F1EB1D7AB00E50377 /* PhotoDataSource.swift */ = {isa = PBXFileReference; fileEncoding = 4; lastKnownFileType = sourcecode.swift; path = PhotoDataSource.swift; sourceTree = "<group>"; };
		BF3041311EB1D8D400E50377 /* PhotoFetchedResultsController.swift */ = {isa = PBXFileReference; fileEncoding = 4; lastKnownFileType = sourcecode.swift; path = PhotoFetchedResultsController.swift; sourceTree = "<group>"; };
		BF3041331EB1DA4F00E50377 /* PhotoCell.swift */ = {isa = PBXFileReference; fileEncoding = 4; lastKnownFileType = sourcecode.swift; path = PhotoCell.swift; sourceTree = "<group>"; };
		BFECAFFD1E7C580900B2E67F /* PhotoEffects.app */ = {isa = PBXFileReference; explicitFileType = wrapper.application; includeInIndex = 0; path = PhotoEffects.app; sourceTree = BUILT_PRODUCTS_DIR; };
		BFECB0001E7C580900B2E67F /* AppDelegate.swift */ = {isa = PBXFileReference; lastKnownFileType = sourcecode.swift; path = AppDelegate.swift; sourceTree = "<group>"; };
		BFECB0021E7C580900B2E67F /* PhotoListController.swift */ = {isa = PBXFileReference; lastKnownFileType = sourcecode.swift; path = PhotoListController.swift; sourceTree = "<group>"; };
		BFECB0071E7C580900B2E67F /* Assets.xcassets */ = {isa = PBXFileReference; lastKnownFileType = folder.assetcatalog; path = Assets.xcassets; sourceTree = "<group>"; };
		BFECB00A1E7C580900B2E67F /* Base */ = {isa = PBXFileReference; lastKnownFileType = file.storyboard; name = Base; path = Base.lproj/LaunchScreen.storyboard; sourceTree = "<group>"; };
		BFECB00C1E7C580900B2E67F /* Info.plist */ = {isa = PBXFileReference; lastKnownFileType = text.plist.xml; path = Info.plist; sourceTree = "<group>"; };
		BFECB0111E7C580900B2E67F /* PhotoEffectsTests.xctest */ = {isa = PBXFileReference; explicitFileType = wrapper.cfbundle; includeInIndex = 0; path = PhotoEffectsTests.xctest; sourceTree = BUILT_PRODUCTS_DIR; };
		BFECB0151E7C580900B2E67F /* PhotoEffectsTests.swift */ = {isa = PBXFileReference; lastKnownFileType = sourcecode.swift; path = PhotoEffectsTests.swift; sourceTree = "<group>"; };
		BFECB0171E7C580900B2E67F /* Info.plist */ = {isa = PBXFileReference; lastKnownFileType = text.plist.xml; path = Info.plist; sourceTree = "<group>"; };
		BFECB01C1E7C580900B2E67F /* PhotoEffectsUITests.xctest */ = {isa = PBXFileReference; explicitFileType = wrapper.cfbundle; includeInIndex = 0; path = PhotoEffectsUITests.xctest; sourceTree = BUILT_PRODUCTS_DIR; };
		BFECB0201E7C580900B2E67F /* PhotoEffectsUITests.swift */ = {isa = PBXFileReference; lastKnownFileType = sourcecode.swift; path = PhotoEffectsUITests.swift; sourceTree = "<group>"; };
		BFECB0221E7C580A00B2E67F /* Info.plist */ = {isa = PBXFileReference; lastKnownFileType = text.plist.xml; path = Info.plist; sourceTree = "<group>"; };
/* End PBXFileReference section */

/* Begin PBXFrameworksBuildPhase section */
		BFECAFFA1E7C580900B2E67F /* Frameworks */ = {
			isa = PBXFrameworksBuildPhase;
			buildActionMask = 2147483647;
			files = (
			);
			runOnlyForDeploymentPostprocessing = 0;
		};
		BFECB00E1E7C580900B2E67F /* Frameworks */ = {
			isa = PBXFrameworksBuildPhase;
			buildActionMask = 2147483647;
			files = (
			);
			runOnlyForDeploymentPostprocessing = 0;
		};
		BFECB0191E7C580900B2E67F /* Frameworks */ = {
			isa = PBXFrameworksBuildPhase;
			buildActionMask = 2147483647;
			files = (
			);
			runOnlyForDeploymentPostprocessing = 0;
		};
/* End PBXFrameworksBuildPhase section */

/* Begin PBXGroup section */
		BF14079E1EB0F67800ABD3DC /* Helpers */ = {
			isa = PBXGroup;
			children = (
				BF14079C1EB0EEDE00ABD3DC /* MediaPickerManager.swift */,
				BF1407A41EB0FBFD00ABD3DC /* FilteredImageBuilder.swift */,
				BF1407AA1EB1265200ABD3DC /* LocationManager.swift */,
			);
			name = Helpers;
			sourceTree = "<group>";
		};
		BF14079F1EB0F68A00ABD3DC /* Controller */ = {
			isa = PBXGroup;
			children = (
				BF1407A21EB0F6E900ABD3DC /* PhotoFilterController.swift */,
				BF1407A81EB11F7800ABD3DC /* PhotoMetadataController.swift */,
				BFECB0021E7C580900B2E67F /* PhotoListController.swift */,
				BF3041241EB1CDEA00E50377 /* CoreDataController.swift */,
				BF3041311EB1D8D400E50377 /* PhotoFetchedResultsController.swift */,
			);
			name = Controller;
			sourceTree = "<group>";
		};
		BF1407A01EB0F69D00ABD3DC /* View */ = {
			isa = PBXGroup;
			children = (
				BF1407A61EB106E500ABD3DC /* FilteredImageCell.swift */,
				BF3041331EB1DA4F00E50377 /* PhotoCell.swift */,
			);
			name = View;
			sourceTree = "<group>";
		};
		BF1407A11EB0F6A200ABD3DC /* Model */ = {
			isa = PBXGroup;
			children = (
				BF3041261EB1CE6300E50377 /* PhotoEffects.xcdatamodeld */,
				BF3041291EB1D10700E50377 /* Photo.swift */,
				BF30412B1EB1D20B00E50377 /* Tag.swift */,
				BF30412D1EB1D24800E50377 /* Location.swift */,
				BF30412F1EB1D7AB00E50377 /* PhotoDataSource.swift */,
			);
			name = Model;
			sourceTree = "<group>";
		};
		BFECAFF41E7C580900B2E67F = {
			isa = PBXGroup;
			children = (
				BFECAFFF1E7C580900B2E67F /* PhotoEffects */,
				BFECB0141E7C580900B2E67F /* PhotoEffectsTests */,
				BFECB01F1E7C580900B2E67F /* PhotoEffectsUITests */,
				BFECAFFE1E7C580900B2E67F /* Products */,
			);
			sourceTree = "<group>";
		};
		BFECAFFE1E7C580900B2E67F /* Products */ = {
			isa = PBXGroup;
			children = (
				BFECAFFD1E7C580900B2E67F /* PhotoEffects.app */,
				BFECB0111E7C580900B2E67F /* PhotoEffectsTests.xctest */,
				BFECB01C1E7C580900B2E67F /* PhotoEffectsUITests.xctest */,
			);
			name = Products;
			sourceTree = "<group>";
		};
		BFECAFFF1E7C580900B2E67F /* PhotoEffects */ = {
			isa = PBXGroup;
			children = (
				BFECB0001E7C580900B2E67F /* AppDelegate.swift */,
				BF1407A11EB0F6A200ABD3DC /* Model */,
				BF1407A01EB0F69D00ABD3DC /* View */,
				BF14079F1EB0F68A00ABD3DC /* Controller */,
				BF14079E1EB0F67800ABD3DC /* Helpers */,
				BFECB0071E7C580900B2E67F /* Assets.xcassets */,
				BFECB0091E7C580900B2E67F /* LaunchScreen.storyboard */,
				BFECB00C1E7C580900B2E67F /* Info.plist */,
			);
			path = PhotoEffects;
			sourceTree = "<group>";
		};
		BFECB0141E7C580900B2E67F /* PhotoEffectsTests */ = {
			isa = PBXGroup;
			children = (
				BFECB0151E7C580900B2E67F /* PhotoEffectsTests.swift */,
				BFECB0171E7C580900B2E67F /* Info.plist */,
			);
			path = PhotoEffectsTests;
			sourceTree = "<group>";
		};
		BFECB01F1E7C580900B2E67F /* PhotoEffectsUITests */ = {
			isa = PBXGroup;
			children = (
				BFECB0201E7C580900B2E67F /* PhotoEffectsUITests.swift */,
				BFECB0221E7C580A00B2E67F /* Info.plist */,
			);
			path = PhotoEffectsUITests;
			sourceTree = "<group>";
		};
/* End PBXGroup section */

/* Begin PBXNativeTarget section */
		BFECAFFC1E7C580900B2E67F /* PhotoEffects */ = {
			isa = PBXNativeTarget;
			buildConfigurationList = BFECB0251E7C580A00B2E67F /* Build configuration list for PBXNativeTarget "PhotoEffects" */;
			buildPhases = (
				BFECAFF91E7C580900B2E67F /* Sources */,
				BFECAFFA1E7C580900B2E67F /* Frameworks */,
				BFECAFFB1E7C580900B2E67F /* Resources */,
			);
			buildRules = (
			);
			dependencies = (
			);
			name = PhotoEffects;
			productName = PhotoEffects;
			productReference = BFECAFFD1E7C580900B2E67F /* PhotoEffects.app */;
			productType = "com.apple.product-type.application";
		};
		BFECB0101E7C580900B2E67F /* PhotoEffectsTests */ = {
			isa = PBXNativeTarget;
			buildConfigurationList = BFECB0281E7C580A00B2E67F /* Build configuration list for PBXNativeTarget "PhotoEffectsTests" */;
			buildPhases = (
				BFECB00D1E7C580900B2E67F /* Sources */,
				BFECB00E1E7C580900B2E67F /* Frameworks */,
				BFECB00F1E7C580900B2E67F /* Resources */,
			);
			buildRules = (
			);
			dependencies = (
				BFECB0131E7C580900B2E67F /* PBXTargetDependency */,
			);
			name = PhotoEffectsTests;
			productName = PhotoEffectsTests;
			productReference = BFECB0111E7C580900B2E67F /* PhotoEffectsTests.xctest */;
			productType = "com.apple.product-type.bundle.unit-test";
		};
		BFECB01B1E7C580900B2E67F /* PhotoEffectsUITests */ = {
			isa = PBXNativeTarget;
			buildConfigurationList = BFECB02B1E7C580A00B2E67F /* Build configuration list for PBXNativeTarget "PhotoEffectsUITests" */;
			buildPhases = (
				BFECB0181E7C580900B2E67F /* Sources */,
				BFECB0191E7C580900B2E67F /* Frameworks */,
				BFECB01A1E7C580900B2E67F /* Resources */,
			);
			buildRules = (
			);
			dependencies = (
				BFECB01E1E7C580900B2E67F /* PBXTargetDependency */,
			);
			name = PhotoEffectsUITests;
			productName = PhotoEffectsUITests;
			productReference = BFECB01C1E7C580900B2E67F /* PhotoEffectsUITests.xctest */;
			productType = "com.apple.product-type.bundle.ui-testing";
		};
/* End PBXNativeTarget section */

/* Begin PBXProject section */
		BFECAFF51E7C580900B2E67F /* Project object */ = {
			isa = PBXProject;
			attributes = {
				LastSwiftUpdateCheck = 0820;
				LastUpgradeCheck = 0820;
				ORGANIZATIONNAME = One;
				TargetAttributes = {
					BFECAFFC1E7C580900B2E67F = {
						CreatedOnToolsVersion = 8.2.1;
						DevelopmentTeam = D3HSB5HW2H;
						ProvisioningStyle = Automatic;
					};
					BFECB0101E7C580900B2E67F = {
						CreatedOnToolsVersion = 8.2.1;
						DevelopmentTeam = D3HSB5HW2H;
						ProvisioningStyle = Automatic;
						TestTargetID = BFECAFFC1E7C580900B2E67F;
					};
					BFECB01B1E7C580900B2E67F = {
						CreatedOnToolsVersion = 8.2.1;
						DevelopmentTeam = D3HSB5HW2H;
						ProvisioningStyle = Automatic;
						TestTargetID = BFECAFFC1E7C580900B2E67F;
					};
				};
			};
			buildConfigurationList = BFECAFF81E7C580900B2E67F /* Build configuration list for PBXProject "PhotoEffects" */;
			compatibilityVersion = "Xcode 3.2";
			developmentRegion = English;
			hasScannedForEncodings = 0;
			knownRegions = (
				en,
				Base,
			);
			mainGroup = BFECAFF41E7C580900B2E67F;
			productRefGroup = BFECAFFE1E7C580900B2E67F /* Products */;
			projectDirPath = "";
			projectRoot = "";
			targets = (
				BFECAFFC1E7C580900B2E67F /* PhotoEffects */,
				BFECB0101E7C580900B2E67F /* PhotoEffectsTests */,
				BFECB01B1E7C580900B2E67F /* PhotoEffectsUITests */,
			);
		};
/* End PBXProject section */

/* Begin PBXResourcesBuildPhase section */
		BFECAFFB1E7C580900B2E67F /* Resources */ = {
			isa = PBXResourcesBuildPhase;
			buildActionMask = 2147483647;
			files = (
				BFECB00B1E7C580900B2E67F /* LaunchScreen.storyboard in Resources */,
				BFECB0081E7C580900B2E67F /* Assets.xcassets in Resources */,
			);
			runOnlyForDeploymentPostprocessing = 0;
		};
		BFECB00F1E7C580900B2E67F /* Resources */ = {
			isa = PBXResourcesBuildPhase;
			buildActionMask = 2147483647;
			files = (
			);
			runOnlyForDeploymentPostprocessing = 0;
		};
		BFECB01A1E7C580900B2E67F /* Resources */ = {
			isa = PBXResourcesBuildPhase;
			buildActionMask = 2147483647;
			files = (
			);
			runOnlyForDeploymentPostprocessing = 0;
		};
/* End PBXResourcesBuildPhase section */

/* Begin PBXSourcesBuildPhase section */
		BFECAFF91E7C580900B2E67F /* Sources */ = {
			isa = PBXSourcesBuildPhase;
			buildActionMask = 2147483647;
			files = (
				BF30412C1EB1D20B00E50377 /* Tag.swift in Sources */,
				BF3041301EB1D7AB00E50377 /* PhotoDataSource.swift in Sources */,
				BF1407A51EB0FBFE00ABD3DC /* FilteredImageBuilder.swift in Sources */,
				BF14079D1EB0EEDE00ABD3DC /* MediaPickerManager.swift in Sources */,
				BF3041341EB1DA4F00E50377 /* PhotoCell.swift in Sources */,
				BF1407A71EB106E500ABD3DC /* FilteredImageCell.swift in Sources */,
				BFECB0031E7C580900B2E67F /* PhotoListController.swift in Sources */,
				BF1407AB1EB1265200ABD3DC /* LocationManager.swift in Sources */,
				BF30412E1EB1D24800E50377 /* Location.swift in Sources */,
				BF3041251EB1CDEA00E50377 /* CoreDataController.swift in Sources */,
				BF1407A31EB0F6E900ABD3DC /* PhotoFilterController.swift in Sources */,
				BF30412A1EB1D10700E50377 /* Photo.swift in Sources */,
				BF3041281EB1CE6300E50377 /* PhotoEffects.xcdatamodeld in Sources */,
				BF3041321EB1D8D400E50377 /* PhotoFetchedResultsController.swift in Sources */,
				BF1407A91EB11F7800ABD3DC /* PhotoMetadataController.swift in Sources */,
				BFECB0011E7C580900B2E67F /* AppDelegate.swift in Sources */,
			);
			runOnlyForDeploymentPostprocessing = 0;
		};
		BFECB00D1E7C580900B2E67F /* Sources */ = {
			isa = PBXSourcesBuildPhase;
			buildActionMask = 2147483647;
			files = (
				BFECB0161E7C580900B2E67F /* PhotoEffectsTests.swift in Sources */,
			);
			runOnlyForDeploymentPostprocessing = 0;
		};
		BFECB0181E7C580900B2E67F /* Sources */ = {
			isa = PBXSourcesBuildPhase;
			buildActionMask = 2147483647;
			files = (
				BFECB0211E7C580900B2E67F /* PhotoEffectsUITests.swift in Sources */,
			);
			runOnlyForDeploymentPostprocessing = 0;
		};
/* End PBXSourcesBuildPhase section */

/* Begin PBXTargetDependency section */
		BFECB0131E7C580900B2E67F /* PBXTargetDependency */ = {
			isa = PBXTargetDependency;
			target = BFECAFFC1E7C580900B2E67F /* PhotoEffects */;
			targetProxy = BFECB0121E7C580900B2E67F /* PBXContainerItemProxy */;
		};
		BFECB01E1E7C580900B2E67F /* PBXTargetDependency */ = {
			isa = PBXTargetDependency;
			target = BFECAFFC1E7C580900B2E67F /* PhotoEffects */;
			targetProxy = BFECB01D1E7C580900B2E67F /* PBXContainerItemProxy */;
		};
/* End PBXTargetDependency section */

/* Begin PBXVariantGroup section */
		BFECB0091E7C580900B2E67F /* LaunchScreen.storyboard */ = {
			isa = PBXVariantGroup;
			children = (
				BFECB00A1E7C580900B2E67F /* Base */,
			);
			name = LaunchScreen.storyboard;
			sourceTree = "<group>";
		};
/* End PBXVariantGroup section */

/* Begin XCBuildConfiguration section */
		BFECB0231E7C580A00B2E67F /* Debug */ = {
			isa = XCBuildConfiguration;
			buildSettings = {
				ALWAYS_SEARCH_USER_PATHS = NO;
				CLANG_ANALYZER_NONNULL = YES;
				CLANG_CXX_LANGUAGE_STANDARD = "gnu++0x";
				CLANG_CXX_LIBRARY = "libc++";
				CLANG_ENABLE_MODULES = YES;
				CLANG_ENABLE_OBJC_ARC = YES;
				CLANG_WARN_BOOL_CONVERSION = YES;
				CLANG_WARN_CONSTANT_CONVERSION = YES;
				CLANG_WARN_DIRECT_OBJC_ISA_USAGE = YES_ERROR;
				CLANG_WARN_DOCUMENTATION_COMMENTS = YES;
				CLANG_WARN_EMPTY_BODY = YES;
				CLANG_WARN_ENUM_CONVERSION = YES;
				CLANG_WARN_INFINITE_RECURSION = YES;
				CLANG_WARN_INT_CONVERSION = YES;
				CLANG_WARN_OBJC_ROOT_CLASS = YES_ERROR;
				CLANG_WARN_SUSPICIOUS_MOVE = YES;
				CLANG_WARN_UNREACHABLE_CODE = YES;
				CLANG_WARN__DUPLICATE_METHOD_MATCH = YES;
				"CODE_SIGN_IDENTITY[sdk=iphoneos*]" = "iPhone Developer";
				COPY_PHASE_STRIP = NO;
				DEBUG_INFORMATION_FORMAT = dwarf;
				ENABLE_STRICT_OBJC_MSGSEND = YES;
				ENABLE_TESTABILITY = YES;
				GCC_C_LANGUAGE_STANDARD = gnu99;
				GCC_DYNAMIC_NO_PIC = NO;
				GCC_NO_COMMON_BLOCKS = YES;
				GCC_OPTIMIZATION_LEVEL = 0;
				GCC_PREPROCESSOR_DEFINITIONS = (
					"DEBUG=1",
					"$(inherited)",
				);
				GCC_WARN_64_TO_32_BIT_CONVERSION = YES;
				GCC_WARN_ABOUT_RETURN_TYPE = YES_ERROR;
				GCC_WARN_UNDECLARED_SELECTOR = YES;
				GCC_WARN_UNINITIALIZED_AUTOS = YES_AGGRESSIVE;
				GCC_WARN_UNUSED_FUNCTION = YES;
				GCC_WARN_UNUSED_VARIABLE = YES;
				IPHONEOS_DEPLOYMENT_TARGET = 10.2;
				MTL_ENABLE_DEBUG_INFO = YES;
				ONLY_ACTIVE_ARCH = YES;
				SDKROOT = iphoneos;
				SWIFT_ACTIVE_COMPILATION_CONDITIONS = DEBUG;
				SWIFT_OPTIMIZATION_LEVEL = "-Onone";
			};
			name = Debug;
		};
		BFECB0241E7C580A00B2E67F /* Release */ = {
			isa = XCBuildConfiguration;
			buildSettings = {
				ALWAYS_SEARCH_USER_PATHS = NO;
				CLANG_ANALYZER_NONNULL = YES;
				CLANG_CXX_LANGUAGE_STANDARD = "gnu++0x";
				CLANG_CXX_LIBRARY = "libc++";
				CLANG_ENABLE_MODULES = YES;
				CLANG_ENABLE_OBJC_ARC = YES;
				CLANG_WARN_BOOL_CONVERSION = YES;
				CLANG_WARN_CONSTANT_CONVERSION = YES;
				CLANG_WARN_DIRECT_OBJC_ISA_USAGE = YES_ERROR;
				CLANG_WARN_DOCUMENTATION_COMMENTS = YES;
				CLANG_WARN_EMPTY_BODY = YES;
				CLANG_WARN_ENUM_CONVERSION = YES;
				CLANG_WARN_INFINITE_RECURSION = YES;
				CLANG_WARN_INT_CONVERSION = YES;
				CLANG_WARN_OBJC_ROOT_CLASS = YES_ERROR;
				CLANG_WARN_SUSPICIOUS_MOVE = YES;
				CLANG_WARN_UNREACHABLE_CODE = YES;
				CLANG_WARN__DUPLICATE_METHOD_MATCH = YES;
				"CODE_SIGN_IDENTITY[sdk=iphoneos*]" = "iPhone Developer";
				COPY_PHASE_STRIP = NO;
				DEBUG_INFORMATION_FORMAT = "dwarf-with-dsym";
				ENABLE_NS_ASSERTIONS = NO;
				ENABLE_STRICT_OBJC_MSGSEND = YES;
				GCC_C_LANGUAGE_STANDARD = gnu99;
				GCC_NO_COMMON_BLOCKS = YES;
				GCC_WARN_64_TO_32_BIT_CONVERSION = YES;
				GCC_WARN_ABOUT_RETURN_TYPE = YES_ERROR;
				GCC_WARN_UNDECLARED_SELECTOR = YES;
				GCC_WARN_UNINITIALIZED_AUTOS = YES_AGGRESSIVE;
				GCC_WARN_UNUSED_FUNCTION = YES;
				GCC_WARN_UNUSED_VARIABLE = YES;
				IPHONEOS_DEPLOYMENT_TARGET = 10.2;
				MTL_ENABLE_DEBUG_INFO = NO;
				SDKROOT = iphoneos;
				SWIFT_OPTIMIZATION_LEVEL = "-Owholemodule";
				VALIDATE_PRODUCT = YES;
			};
			name = Release;
		};
		BFECB0261E7C580A00B2E67F /* Debug */ = {
			isa = XCBuildConfiguration;
			buildSettings = {
				ASSETCATALOG_COMPILER_APPICON_NAME = AppIcon;
				DEVELOPMENT_TEAM = D3HSB5HW2H;
				INFOPLIST_FILE = PhotoEffects/Info.plist;
				LD_RUNPATH_SEARCH_PATHS = "$(inherited) @executable_path/Frameworks";
				PRODUCT_BUNDLE_IDENTIFIER = com.One.PhotoEffects;
				PRODUCT_NAME = "$(TARGET_NAME)";
				SWIFT_VERSION = 3.0;
			};
			name = Debug;
		};
		BFECB0271E7C580A00B2E67F /* Release */ = {
			isa = XCBuildConfiguration;
			buildSettings = {
				ASSETCATALOG_COMPILER_APPICON_NAME = AppIcon;
				DEVELOPMENT_TEAM = D3HSB5HW2H;
				INFOPLIST_FILE = PhotoEffects/Info.plist;
				LD_RUNPATH_SEARCH_PATHS = "$(inherited) @executable_path/Frameworks";
				PRODUCT_BUNDLE_IDENTIFIER = com.One.PhotoEffects;
				PRODUCT_NAME = "$(TARGET_NAME)";
				SWIFT_VERSION = 3.0;
			};
			name = Release;
		};
		BFECB0291E7C580A00B2E67F /* Debug */ = {
			isa = XCBuildConfiguration;
			buildSettings = {
				ALWAYS_EMBED_SWIFT_STANDARD_LIBRARIES = YES;
				BUNDLE_LOADER = "$(TEST_HOST)";
				DEVELOPMENT_TEAM = D3HSB5HW2H;
				INFOPLIST_FILE = PhotoEffectsTests/Info.plist;
				LD_RUNPATH_SEARCH_PATHS = "$(inherited) @executable_path/Frameworks @loader_path/Frameworks";
				PRODUCT_BUNDLE_IDENTIFIER = com.One.PhotoEffectsTests;
				PRODUCT_NAME = "$(TARGET_NAME)";
				SWIFT_VERSION = 3.0;
				TEST_HOST = "$(BUILT_PRODUCTS_DIR)/PhotoEffects.app/PhotoEffects";
			};
			name = Debug;
		};
		BFECB02A1E7C580A00B2E67F /* Release */ = {
			isa = XCBuildConfiguration;
			buildSettings = {
				ALWAYS_EMBED_SWIFT_STANDARD_LIBRARIES = YES;
				BUNDLE_LOADER = "$(TEST_HOST)";
				DEVELOPMENT_TEAM = D3HSB5HW2H;
				INFOPLIST_FILE = PhotoEffectsTests/Info.plist;
				LD_RUNPATH_SEARCH_PATHS = "$(inherited) @executable_path/Frameworks @loader_path/Frameworks";
				PRODUCT_BUNDLE_IDENTIFIER = com.One.PhotoEffectsTests;
				PRODUCT_NAME = "$(TARGET_NAME)";
				SWIFT_VERSION = 3.0;
				TEST_HOST = "$(BUILT_PRODUCTS_DIR)/PhotoEffects.app/PhotoEffects";
			};
			name = Release;
		};
		BFECB02C1E7C580A00B2E67F /* Debug */ = {
			isa = XCBuildConfiguration;
			buildSettings = {
				ALWAYS_EMBED_SWIFT_STANDARD_LIBRARIES = YES;
				DEVELOPMENT_TEAM = D3HSB5HW2H;
				INFOPLIST_FILE = PhotoEffectsUITests/Info.plist;
				LD_RUNPATH_SEARCH_PATHS = "$(inherited) @executable_path/Frameworks @loader_path/Frameworks";
				PRODUCT_BUNDLE_IDENTIFIER = com.One.PhotoEffectsUITests;
				PRODUCT_NAME = "$(TARGET_NAME)";
				SWIFT_VERSION = 3.0;
				TEST_TARGET_NAME = PhotoEffects;
			};
			name = Debug;
		};
		BFECB02D1E7C580A00B2E67F /* Release */ = {
			isa = XCBuildConfiguration;
			buildSettings = {
				ALWAYS_EMBED_SWIFT_STANDARD_LIBRARIES = YES;
				DEVELOPMENT_TEAM = D3HSB5HW2H;
				INFOPLIST_FILE = PhotoEffectsUITests/Info.plist;
				LD_RUNPATH_SEARCH_PATHS = "$(inherited) @executable_path/Frameworks @loader_path/Frameworks";
				PRODUCT_BUNDLE_IDENTIFIER = com.One.PhotoEffectsUITests;
				PRODUCT_NAME = "$(TARGET_NAME)";
				SWIFT_VERSION = 3.0;
				TEST_TARGET_NAME = PhotoEffects;
			};
			name = Release;
		};
/* End XCBuildConfiguration section */

/* Begin XCConfigurationList section */
		BFECAFF81E7C580900B2E67F /* Build configuration list for PBXProject "PhotoEffects" */ = {
			isa = XCConfigurationList;
			buildConfigurations = (
				BFECB0231E7C580A00B2E67F /* Debug */,
				BFECB0241E7C580A00B2E67F /* Release */,
			);
			defaultConfigurationIsVisible = 0;
			defaultConfigurationName = Release;
		};
		BFECB0251E7C580A00B2E67F /* Build configuration list for PBXNativeTarget "PhotoEffects" */ = {
			isa = XCConfigurationList;
			buildConfigurations = (
				BFECB0261E7C580A00B2E67F /* Debug */,
				BFECB0271E7C580A00B2E67F /* Release */,
			);
			defaultConfigurationIsVisible = 0;
			defaultConfigurationName = Release;
		};
		BFECB0281E7C580A00B2E67F /* Build configuration list for PBXNativeTarget "PhotoEffectsTests" */ = {
			isa = XCConfigurationList;
			buildConfigurations = (
				BFECB0291E7C580A00B2E67F /* Debug */,
				BFECB02A1E7C580A00B2E67F /* Release */,
			);
			defaultConfigurationIsVisible = 0;
			defaultConfigurationName = Release;
		};
		BFECB02B1E7C580A00B2E67F /* Build configuration list for PBXNativeTarget "PhotoEffectsUITests" */ = {
			isa = XCConfigurationList;
			buildConfigurations = (
				BFECB02C1E7C580A00B2E67F /* Debug */,
				BFECB02D1E7C580A00B2E67F /* Release */,
			);
			defaultConfigurationIsVisible = 0;
			defaultConfigurationName = Release;
		};
/* End XCConfigurationList section */

/* Begin XCVersionGroup section */
		BF3041261EB1CE6300E50377 /* PhotoEffects.xcdatamodeld */ = {
			isa = XCVersionGroup;
			children = (
				BF3041271EB1CE6300E50377 /* PhotoEffects.xcdatamodel */,
			);
			currentVersion = BF3041271EB1CE6300E50377 /* PhotoEffects.xcdatamodel */;
			path = PhotoEffects.xcdatamodeld;
			sourceTree = "<group>";
			versionGroupType = wrapper.xcdatamodel;
		};
/* End XCVersionGroup section */
	};
	rootObject = BFECAFF51E7C580900B2E67F /* Project object */;
}
